
Microsoft Visual Studio Solution File, Format Version 12.00
# Visual Studio Version 17
Project("{2150E333-8FDC-42A3-9474-1A3956D46DE8}") = "CMakePredefinedTargets", "CMakePredefinedTargets", "{F0727999-5108-3335-947F-313AB755E0C8}"
EndProject
Project("{8BC9CEB8-8B4A-11D0-8D11-00A0C91BC942}") = "CSC8503", "CSC8503\CSC8503.vcxproj", "{92DF0F7E-BD17-3FB5-B080-180D559B36B9}"
	ProjectSection(ProjectDependencies) = postProject
		{C8906F2A-8E80-39D1-8764-DFF17ADC87B9} = {C8906F2A-8E80-39D1-8764-DFF17ADC87B9}
		{C1F548BC-A036-3768-9902-CE448C8AEECE} = {C1F548BC-A036-3768-9902-CE448C8AEECE}
		{E57A8E49-46CE-3EB5-B993-BA07F7453659} = {E57A8E49-46CE-3EB5-B993-BA07F7453659}
		{8D0BD11E-4653-30BB-BD29-27421E83D78F} = {8D0BD11E-4653-30BB-BD29-27421E83D78F}
	EndProjectSection
EndProject
Project("{8BC9CEB8-8B4A-11D0-8D11-00A0C91BC942}") = "ALL_BUILD", "ALL_BUILD.vcxproj", "{CD8FEBA2-2847-3CDF-8F67-EA34CFB30EE8}"
	ProjectSection(ProjectDependencies) = postProject
		{92DF0F7E-BD17-3FB5-B080-180D559B36B9} = {92DF0F7E-BD17-3FB5-B080-180D559B36B9}
		{C8906F2A-8E80-39D1-8764-DFF17ADC87B9} = {C8906F2A-8E80-39D1-8764-DFF17ADC87B9}
		{C1F548BC-A036-3768-9902-CE448C8AEECE} = {C1F548BC-A036-3768-9902-CE448C8AEECE}
		{E57A8E49-46CE-3EB5-B993-BA07F7453659} = {E57A8E49-46CE-3EB5-B993-BA07F7453659}
		{8D0BD11E-4653-30BB-BD29-27421E83D78F} = {8D0BD11E-4653-30BB-BD29-27421E83D78F}
	EndProjectSection
EndProject
Project("{8BC9CEB8-8B4A-11D0-8D11-00A0C91BC942}") = "CSC8503CoreClasses", "CSC8503CoreClasses\CSC8503CoreClasses.vcxproj", "{C8906F2A-8E80-39D1-8764-DFF17ADC87B9}"
	ProjectSection(ProjectDependencies) = postProject
		{8D0BD11E-4653-30BB-BD29-27421E83D78F} = {8D0BD11E-4653-30BB-BD29-27421E83D78F}
	EndProjectSection
EndProject
Project("{8BC9CEB8-8B4A-11D0-8D11-00A0C91BC942}") = "NCLCoreClasses", "NCLCoreClasses\NCLCoreClasses.vcxproj", "{C1F548BC-A036-3768-9902-CE448C8AEECE}"
	ProjectSection(ProjectDependencies) = postProject
		{8D0BD11E-4653-30BB-BD29-27421E83D78F} = {8D0BD11E-4653-30BB-BD29-27421E83D78F}
	EndProjectSection
EndProject
Project("{8BC9CEB8-8B4A-11D0-8D11-00A0C91BC942}") = "OpenGLRendering", "OpenGLRendering\OpenGLRendering.vcxproj", "{E57A8E49-46CE-3EB5-B993-BA07F7453659}"
	ProjectSection(ProjectDependencies) = postProject
		{C1F548BC-A036-3768-9902-CE448C8AEECE} = {C1F548BC-A036-3768-9902-CE448C8AEECE}
		{8D0BD11E-4653-30BB-BD29-27421E83D78F} = {8D0BD11E-4653-30BB-BD29-27421E83D78F}
	EndProjectSection
EndProject
Project("{8BC9CEB8-8B4A-11D0-8D11-00A0C91BC942}") = "ZERO_CHECK", "ZERO_CHECK.vcxproj", "{8D0BD11E-4653-30BB-BD29-27421E83D78F}"
	ProjectSection(ProjectDependencies) = postProject
	EndProjectSection
EndProject
Global
	GlobalSection(SolutionConfigurationPlatforms) = preSolution
		Debug|x64 = Debug|x64
		Release|x64 = Release|x64
	EndGlobalSection
	GlobalSection(ProjectConfigurationPlatforms) = postSolution
		{92DF0F7E-BD17-3FB5-B080-180D559B36B9}.Debug|x64.ActiveCfg = Debug|x64
		{92DF0F7E-BD17-3FB5-B080-180D559B36B9}.Debug|x64.Build.0 = Debug|x64
		{92DF0F7E-BD17-3FB5-B080-180D559B36B9}.Release|x64.ActiveCfg = Release|x64
		{92DF0F7E-BD17-3FB5-B080-180D559B36B9}.Release|x64.Build.0 = Release|x64
		{CD8FEBA2-2847-3CDF-8F67-EA34CFB30EE8}.Debug|x64.ActiveCfg = Debug|x64
		{CD8FEBA2-2847-3CDF-8F67-EA34CFB30EE8}.Release|x64.ActiveCfg = Release|x64
		{C8906F2A-8E80-39D1-8764-DFF17ADC87B9}.Debug|x64.ActiveCfg = Debug|x64
		{C8906F2A-8E80-39D1-8764-DFF17ADC87B9}.Debug|x64.Build.0 = Debug|x64
		{C8906F2A-8E80-39D1-8764-DFF17ADC87B9}.Release|x64.ActiveCfg = Release|x64
		{C8906F2A-8E80-39D1-8764-DFF17ADC87B9}.Release|x64.Build.0 = Release|x64
		{C1F548BC-A036-3768-9902-CE448C8AEECE}.Debug|x64.ActiveCfg = Debug|x64
		{C1F548BC-A036-3768-9902-CE448C8AEECE}.Debug|x64.Build.0 = Debug|x64
		{C1F548BC-A036-3768-9902-CE448C8AEECE}.Release|x64.ActiveCfg = Release|x64
		{C1F548BC-A036-3768-9902-CE448C8AEECE}.Release|x64.Build.0 = Release|x64
		{E57A8E49-46CE-3EB5-B993-BA07F7453659}.Debug|x64.ActiveCfg = Debug|x64
		{E57A8E49-46CE-3EB5-B993-BA07F7453659}.Debug|x64.Build.0 = Debug|x64
		{E57A8E49-46CE-3EB5-B993-BA07F7453659}.Release|x64.ActiveCfg = Release|x64
		{E57A8E49-46CE-3EB5-B993-BA07F7453659}.Release|x64.Build.0 = Release|x64
		{8D0BD11E-4653-30BB-BD29-27421E83D78F}.Debug|x64.ActiveCfg = Debug|x64
		{8D0BD11E-4653-30BB-BD29-27421E83D78F}.Debug|x64.Build.0 = Debug|x64
		{8D0BD11E-4653-30BB-BD29-27421E83D78F}.Release|x64.ActiveCfg = Release|x64
		{8D0BD11E-4653-30BB-BD29-27421E83D78F}.Release|x64.Build.0 = Release|x64
	EndGlobalSection
	GlobalSection(NestedProjects) = preSolution
		{CD8FEBA2-2847-3CDF-8F67-EA34CFB30EE8} = {F0727999-5108-3335-947F-313AB755E0C8}
		{8D0BD11E-4653-30BB-BD29-27421E83D78F} = {F0727999-5108-3335-947F-313AB755E0C8}
	EndGlobalSection
	GlobalSection(ExtensibilityGlobals) = postSolution
		SolutionGuid = {23FEB336-DAE7-3D64-9F44-4A3A5A8BE107}
	EndGlobalSection
	GlobalSection(ExtensibilityAddIns) = postSolution
	EndGlobalSection
EndGlobal
